// !$*UTF8*$!
{
	archiveVersion = 1;
	classes = {
	};
	objectVersion = 48;
	objects = {

/* Begin PBXBuildFile section */
		04E405011F92450C00BE30DA /* AppDelegate.swift in Sources */ = {isa = PBXBuildFile; fileRef = 04E405001F92450C00BE30DA /* AppDelegate.swift */; };
		04E405031F92450C00BE30DA /* ViewController.swift in Sources */ = {isa = PBXBuildFile; fileRef = 04E405021F92450C00BE30DA /* ViewController.swift */; };
		04E405061F92450C00BE30DA /* Main.storyboard in Resources */ = {isa = PBXBuildFile; fileRef = 04E405041F92450C00BE30DA /* Main.storyboard */; };
		04E405081F92450C00BE30DA /* Assets.xcassets in Resources */ = {isa = PBXBuildFile; fileRef = 04E405071F92450C00BE30DA /* Assets.xcassets */; };
		04E4050B1F92450C00BE30DA /* LaunchScreen.storyboard in Resources */ = {isa = PBXBuildFile; fileRef = 04E405091F92450C00BE30DA /* LaunchScreen.storyboard */; };
		04E405151F92454A00BE30DA /* Person.swift in Sources */ = {isa = PBXBuildFile; fileRef = 04E405141F92454A00BE30DA /* Person.swift */; };
		068D1FE120208055007F1758 /* AddGitignore.swift in Sources */ = {isa = PBXBuildFile; fileRef = 068D1FE020208055007F1758 /* AddGitignore.swift */; };
		069B294420215E9000D09EBE /* ClassOneAdd.swift in Sources */ = {isa = PBXBuildFile; fileRef = 069B294320215E9000D09EBE /* ClassOneAdd.swift */; };
		069B29462021602500D09EBE /* ClassOneAdd1.swift in Sources */ = {isa = PBXBuildFile; fileRef = 069B29452021602500D09EBE /* ClassOneAdd1.swift */; };
		06D4D20A20206133008EFE22 /* PersonalMV.swift in Sources */ = {isa = PBXBuildFile; fileRef = 06D4D20920206133008EFE22 /* PersonalMV.swift */; };
		E90FC4AE20216086001846AE /* Airfile.swift in Sources */ = {isa = PBXBuildFile; fileRef = E90FC4AD20216086001846AE /* Airfile.swift */; };
		E90FC4B0202161E7001846AE /* AirfileOne.swift in Sources */ = {isa = PBXBuildFile; fileRef = E90FC4AF202161E7001846AE /* AirfileOne.swift */; };
		E90FC4B220216344001846AE /* AirfileTwo.swift in Sources */ = {isa = PBXBuildFile; fileRef = E90FC4B120216344001846AE /* AirfileTwo.swift */; };
/* End PBXBuildFile section */

/* Begin PBXFileReference section */
		04E404FD1F92450C00BE30DA /* ClassTest.app */ = {isa = PBXFileReference; explicitFileType = wrapper.application; includeInIndex = 0; path = ClassTest.app; sourceTree = BUILT_PRODUCTS_DIR; };
		04E405001F92450C00BE30DA /* AppDelegate.swift */ = {isa = PBXFileReference; lastKnownFileType = sourcecode.swift; path = AppDelegate.swift; sourceTree = "<group>"; };
		04E405021F92450C00BE30DA /* ViewController.swift */ = {isa = PBXFileReference; lastKnownFileType = sourcecode.swift; path = ViewController.swift; sourceTree = "<group>"; };
		04E405051F92450C00BE30DA /* Base */ = {isa = PBXFileReference; lastKnownFileType = file.storyboard; name = Base; path = Base.lproj/Main.storyboard; sourceTree = "<group>"; };
		04E405071F92450C00BE30DA /* Assets.xcassets */ = {isa = PBXFileReference; lastKnownFileType = folder.assetcatalog; path = Assets.xcassets; sourceTree = "<group>"; };
		04E4050A1F92450C00BE30DA /* Base */ = {isa = PBXFileReference; lastKnownFileType = file.storyboard; name = Base; path = Base.lproj/LaunchScreen.storyboard; sourceTree = "<group>"; };
		04E4050C1F92450C00BE30DA /* Info.plist */ = {isa = PBXFileReference; lastKnownFileType = text.plist.xml; path = Info.plist; sourceTree = "<group>"; };
		04E405141F92454A00BE30DA /* Person.swift */ = {isa = PBXFileReference; lastKnownFileType = sourcecode.swift; path = Person.swift; sourceTree = "<group>"; };
		068D1FE020208055007F1758 /* AddGitignore.swift */ = {isa = PBXFileReference; lastKnownFileType = sourcecode.swift; path = AddGitignore.swift; sourceTree = "<group>"; };
		069B294320215E9000D09EBE /* ClassOneAdd.swift */ = {isa = PBXFileReference; lastKnownFileType = sourcecode.swift; path = ClassOneAdd.swift; sourceTree = "<group>"; };
		069B29452021602500D09EBE /* ClassOneAdd1.swift */ = {isa = PBXFileReference; lastKnownFileType = sourcecode.swift; path = ClassOneAdd1.swift; sourceTree = "<group>"; };
		06D4D20920206133008EFE22 /* PersonalMV.swift */ = {isa = PBXFileReference; lastKnownFileType = sourcecode.swift; path = PersonalMV.swift; sourceTree = "<group>"; };
		E90FC4AD20216086001846AE /* Airfile.swift */ = {isa = PBXFileReference; lastKnownFileType = sourcecode.swift; path = Airfile.swift; sourceTree = "<group>"; };
		E90FC4AF202161E7001846AE /* AirfileOne.swift */ = {isa = PBXFileReference; lastKnownFileType = sourcecode.swift; path = AirfileOne.swift; sourceTree = "<group>"; };
		E90FC4B120216344001846AE /* AirfileTwo.swift */ = {isa = PBXFileReference; lastKnownFileType = sourcecode.swift; path = AirfileTwo.swift; sourceTree = "<group>"; };
/* End PBXFileReference section */

/* Begin PBXFrameworksBuildPhase section */
		04E404FA1F92450C00BE30DA /* Frameworks */ = {
			isa = PBXFrameworksBuildPhase;
			buildActionMask = 2147483647;
			files = (
			);
			runOnlyForDeploymentPostprocessing = 0;
		};
/* End PBXFrameworksBuildPhase section */

/* Begin PBXGroup section */
		04E404F41F92450C00BE30DA = {
			isa = PBXGroup;
			children = (
				04E404FF1F92450C00BE30DA /* ClassTest */,
				04E404FE1F92450C00BE30DA /* Products */,
			);
			sourceTree = "<group>";
		};
		04E404FE1F92450C00BE30DA /* Products */ = {
			isa = PBXGroup;
			children = (
				04E404FD1F92450C00BE30DA /* ClassTest.app */,
			);
			name = Products;
			sourceTree = "<group>";
		};
		04E404FF1F92450C00BE30DA /* ClassTest */ = {
			isa = PBXGroup;
			children = (
				04E405001F92450C00BE30DA /* AppDelegate.swift */,
				04E405021F92450C00BE30DA /* ViewController.swift */,
				04E405141F92454A00BE30DA /* Person.swift */,
				06D4D20920206133008EFE22 /* PersonalMV.swift */,
				068D1FE020208055007F1758 /* AddGitignore.swift */,
				069B294320215E9000D09EBE /* ClassOneAdd.swift */,
				E90FC4AD20216086001846AE /* Airfile.swift */,
				E90FC4AF202161E7001846AE /* AirfileOne.swift */,
				E90FC4B120216344001846AE /* AirfileTwo.swift */,
				069B29452021602500D09EBE /* ClassOneAdd1.swift */,
				04E405041F92450C00BE30DA /* Main.storyboard */,
				04E405071F92450C00BE30DA /* Assets.xcassets */,
				04E405091F92450C00BE30DA /* LaunchScreen.storyboard */,
				04E4050C1F92450C00BE30DA /* Info.plist */,
			);
			path = ClassTest;
			sourceTree = "<group>";
		};
/* End PBXGroup section */

/* Begin PBXNativeTarget section */
		04E404FC1F92450C00BE30DA /* ClassTest */ = {
			isa = PBXNativeTarget;
			buildConfigurationList = 04E4050F1F92450C00BE30DA /* Build configuration list for PBXNativeTarget "ClassTest" */;
			buildPhases = (
				04E404F91F92450C00BE30DA /* Sources */,
				04E404FA1F92450C00BE30DA /* Frameworks */,
				04E404FB1F92450C00BE30DA /* Resources */,
			);
			buildRules = (
			);
			dependencies = (
			);
			name = ClassTest;
			productName = ClassTest;
			productReference = 04E404FD1F92450C00BE30DA /* ClassTest.app */;
			productType = "com.apple.product-type.application";
		};
/* End PBXNativeTarget section */

/* Begin PBXProject section */
		04E404F51F92450C00BE30DA /* Project object */ = {
			isa = PBXProject;
			attributes = {
				LastSwiftUpdateCheck = 0900;
				LastUpgradeCheck = 0900;
				ORGANIZATIONNAME = MTV;
				TargetAttributes = {
					04E404FC1F92450C00BE30DA = {
						CreatedOnToolsVersion = 9.0;
					};
				};
			};
			buildConfigurationList = 04E404F81F92450C00BE30DA /* Build configuration list for PBXProject "ClassTest" */;
			compatibilityVersion = "Xcode 8.0";
			developmentRegion = en;
			hasScannedForEncodings = 0;
			knownRegions = (
				en,
				Base,
			);
			mainGroup = 04E404F41F92450C00BE30DA;
			productRefGroup = 04E404FE1F92450C00BE30DA /* Products */;
			projectDirPath = "";
			projectRoot = "";
			targets = (
				04E404FC1F92450C00BE30DA /* ClassTest */,
			);
		};
/* End PBXProject section */

/* Begin PBXResourcesBuildPhase section */
		04E404FB1F92450C00BE30DA /* Resources */ = {
			isa = PBXResourcesBuildPhase;
			buildActionMask = 2147483647;
			files = (
				04E4050B1F92450C00BE30DA /* LaunchScreen.storyboard in Resources */,
				04E405081F92450C00BE30DA /* Assets.xcassets in Resources */,
				04E405061F92450C00BE30DA /* Main.storyboard in Resources */,
			);
			runOnlyForDeploymentPostprocessing = 0;
		};
/* End PBXResourcesBuildPhase section */

/* Begin PBXSourcesBuildPhase section */
		04E404F91F92450C00BE30DA /* Sources */ = {
			isa = PBXSourcesBuildPhase;
			buildActionMask = 2147483647;
			files = (
				04E405031F92450C00BE30DA /* ViewController.swift in Sources */,
				E90FC4B0202161E7001846AE /* AirfileOne.swift in Sources */,
				04E405151F92454A00BE30DA /* Person.swift in Sources */,
				069B294420215E9000D09EBE /* ClassOneAdd.swift in Sources */,
				06D4D20A20206133008EFE22 /* PersonalMV.swift in Sources */,
				E90FC4B220216344001846AE /* AirfileTwo.swift in Sources */,
				068D1FE120208055007F1758 /* AddGitignore.swift in Sources */,
				069B29462021602500D09EBE /* ClassOneAdd1.swift in Sources */,
				E90FC4AE20216086001846AE /* Airfile.swift in Sources */,
				04E405011F92450C00BE30DA /* AppDelegate.swift in Sources */,
			);
			runOnlyForDeploymentPostprocessing = 0;
		};
/* End PBXSourcesBuildPhase section */

/* Begin PBXVariantGroup section */
		04E405041F92450C00BE30DA /* Main.storyboard */ = {
			isa = PBXVariantGroup;
			children = (
				04E405051F92450C00BE30DA /* Base */,
			);
			name = Main.storyboard;
			sourceTree = "<group>";
		};
		04E405091F92450C00BE30DA /* LaunchScreen.storyboard */ = {
			isa = PBXVariantGroup;
			children = (
				04E4050A1F92450C00BE30DA /* Base */,
			);
			name = LaunchScreen.storyboard;
			sourceTree = "<group>";
		};
/* End PBXVariantGroup section */

/* Begin XCBuildConfiguration section */
		04E4050D1F92450C00BE30DA /* Debug */ = {
			isa = XCBuildConfiguration;
			buildSettings = {
				ALWAYS_SEARCH_USER_PATHS = NO;
				CLANG_ANALYZER_NONNULL = YES;
				CLANG_ANALYZER_NUMBER_OBJECT_CONVERSION = YES_AGGRESSIVE;
				CLANG_CXX_LANGUAGE_STANDARD = "gnu++14";
				CLANG_CXX_LIBRARY = "libc++";
				CLANG_ENABLE_MODULES = YES;
				CLANG_ENABLE_OBJC_ARC = YES;
				CLANG_WARN_BLOCK_CAPTURE_AUTORELEASING = YES;
				CLANG_WARN_BOOL_CONVERSION = YES;
				CLANG_WARN_COMMA = YES;
				CLANG_WARN_CONSTANT_CONVERSION = YES;
				CLANG_WARN_DIRECT_OBJC_ISA_USAGE = YES_ERROR;
				CLANG_WARN_DOCUMENTATION_COMMENTS = YES;
				CLANG_WARN_EMPTY_BODY = YES;
				CLANG_WARN_ENUM_CONVERSION = YES;
				CLANG_WARN_INFINITE_RECURSION = YES;
				CLANG_WARN_INT_CONVERSION = YES;
				CLANG_WARN_OBJC_ROOT_CLASS = YES_ERROR;
				CLANG_WARN_RANGE_LOOP_ANALYSIS = YES;
				CLANG_WARN_STRICT_PROTOTYPES = YES;
				CLANG_WARN_SUSPICIOUS_MOVE = YES;
				CLANG_WARN_UNGUARDED_AVAILABILITY = YES_AGGRESSIVE;
				CLANG_WARN_UNREACHABLE_CODE = YES;
				CLANG_WARN__DUPLICATE_METHOD_MATCH = YES;
				CODE_SIGN_IDENTITY = "iPhone Developer";
				COPY_PHASE_STRIP = NO;
				DEBUG_INFORMATION_FORMAT = dwarf;
				ENABLE_STRICT_OBJC_MSGSEND = YES;
				ENABLE_TESTABILITY = YES;
				GCC_C_LANGUAGE_STANDARD = gnu11;
				GCC_DYNAMIC_NO_PIC = NO;
				GCC_NO_COMMON_BLOCKS = YES;
				GCC_OPTIMIZATION_LEVEL = 0;
				GCC_PREPROCESSOR_DEFINITIONS = (
					"DEBUG=1",
					"$(inherited)",
				);
				GCC_WARN_64_TO_32_BIT_CONVERSION = YES;
				GCC_WARN_ABOUT_RETURN_TYPE = YES_ERROR;
				GCC_WARN_UNDECLARED_SELECTOR = YES;
				GCC_WARN_UNINITIALIZED_AUTOS = YES_AGGRESSIVE;
				GCC_WARN_UNUSED_FUNCTION = YES;
				GCC_WARN_UNUSED_VARIABLE = YES;
				IPHONEOS_DEPLOYMENT_TARGET = 11.0;
				MTL_ENABLE_DEBUG_INFO = YES;
				ONLY_ACTIVE_ARCH = YES;
				SDKROOT = iphoneos;
				SWIFT_ACTIVE_COMPILATION_CONDITIONS = DEBUG;
				SWIFT_OPTIMIZATION_LEVEL = "-Onone";
			};
			name = Debug;
		};
		04E4050E1F92450C00BE30DA /* Release */ = {
			isa = XCBuildConfiguration;
			buildSettings = {
				ALWAYS_SEARCH_USER_PATHS = NO;
				CLANG_ANALYZER_NONNULL = YES;
				CLANG_ANALYZER_NUMBER_OBJECT_CONVERSION = YES_AGGRESSIVE;
				CLANG_CXX_LANGUAGE_STANDARD = "gnu++14";
				CLANG_CXX_LIBRARY = "libc++";
				CLANG_ENABLE_MODULES = YES;
				CLANG_ENABLE_OBJC_ARC = YES;
				CLANG_WARN_BLOCK_CAPTURE_AUTORELEASING = YES;
				CLANG_WARN_BOOL_CONVERSION = YES;
				CLANG_WARN_COMMA = YES;
				CLANG_WARN_CONSTANT_CONVERSION = YES;
				CLANG_WARN_DIRECT_OBJC_ISA_USAGE = YES_ERROR;
				CLANG_WARN_DOCUMENTATION_COMMENTS = YES;
				CLANG_WARN_EMPTY_BODY = YES;
				CLANG_WARN_ENUM_CONVERSION = YES;
				CLANG_WARN_INFINITE_RECURSION = YES;
				CLANG_WARN_INT_CONVERSION = YES;
				CLANG_WARN_OBJC_ROOT_CLASS = YES_ERROR;
				CLANG_WARN_RANGE_LOOP_ANALYSIS = YES;
				CLANG_WARN_STRICT_PROTOTYPES = YES;
				CLANG_WARN_SUSPICIOUS_MOVE = YES;
				CLANG_WARN_UNGUARDED_AVAILABILITY = YES_AGGRESSIVE;
				CLANG_WARN_UNREACHABLE_CODE = YES;
				CLANG_WARN__DUPLICATE_METHOD_MATCH = YES;
				CODE_SIGN_IDENTITY = "iPhone Developer";
				COPY_PHASE_STRIP = NO;
				DEBUG_INFORMATION_FORMAT = "dwarf-with-dsym";
				ENABLE_NS_ASSERTIONS = NO;
				ENABLE_STRICT_OBJC_MSGSEND = YES;
				GCC_C_LANGUAGE_STANDARD = gnu11;
				GCC_NO_COMMON_BLOCKS = YES;
				GCC_WARN_64_TO_32_BIT_CONVERSION = YES;
				GCC_WARN_ABOUT_RETURN_TYPE = YES_ERROR;
				GCC_WARN_UNDECLARED_SELECTOR = YES;
				GCC_WARN_UNINITIALIZED_AUTOS = YES_AGGRESSIVE;
				GCC_WARN_UNUSED_FUNCTION = YES;
				GCC_WARN_UNUSED_VARIABLE = YES;
				IPHONEOS_DEPLOYMENT_TARGET = 11.0;
				MTL_ENABLE_DEBUG_INFO = NO;
				SDKROOT = iphoneos;
				SWIFT_OPTIMIZATION_LEVEL = "-Owholemodule";
				VALIDATE_PRODUCT = YES;
			};
			name = Release;
		};
		04E405101F92450C00BE30DA /* Debug */ = {
			isa = XCBuildConfiguration;
			buildSettings = {
				ASSETCATALOG_COMPILER_APPICON_NAME = AppIcon;
				DEVELOPMENT_TEAM = 78QLMRAHUC;
				INFOPLIST_FILE = ClassTest/Info.plist;
				LD_RUNPATH_SEARCH_PATHS = "$(inherited) @executable_path/Frameworks";
				PRODUCT_BUNDLE_IDENTIFIER = com.MTV.ClassTest;
				PRODUCT_NAME = "$(TARGET_NAME)";
				SWIFT_VERSION = 4.0;
				TARGETED_DEVICE_FAMILY = "1,2";
			};
			name = Debug;
		};
		04E405111F92450C00BE30DA /* Release */ = {
			isa = XCBuildConfiguration;
			buildSettings = {
				ASSETCATALOG_COMPILER_APPICON_NAME = AppIcon;
				DEVELOPMENT_TEAM = 78QLMRAHUC;
				INFOPLIST_FILE = ClassTest/Info.plist;
				LD_RUNPATH_SEARCH_PATHS = "$(inherited) @executable_path/Frameworks";
				PRODUCT_BUNDLE_IDENTIFIER = com.MTV.ClassTest;
				PRODUCT_NAME = "$(TARGET_NAME)";
				SWIFT_VERSION = 4.0;
				TARGETED_DEVICE_FAMILY = "1,2";
			};
			name = Release;
		};
/* End XCBuildConfiguration section */

/* Begin XCConfigurationList section */
		04E404F81F92450C00BE30DA /* Build configuration list for PBXProject "ClassTest" */ = {
			isa = XCConfigurationList;
			buildConfigurations = (
				04E4050D1F92450C00BE30DA /* Debug */,
				04E4050E1F92450C00BE30DA /* Release */,
			);
			defaultConfigurationIsVisible = 0;
			defaultConfigurationName = Release;
		};
		04E4050F1F92450C00BE30DA /* Build configuration list for PBXNativeTarget "ClassTest" */ = {
			isa = XCConfigurationList;
			buildConfigurations = (
				04E405101F92450C00BE30DA /* Debug */,
				04E405111F92450C00BE30DA /* Release */,
			);
			defaultConfigurationIsVisible = 0;
			defaultConfigurationName = Release;
		};
/* End XCConfigurationList section */
	};
	rootObject = 04E404F51F92450C00BE30DA /* Project object */;
}
